
Microsoft Visual Studio Solution File, Format Version 11.00
# Visual C# Express 2010
Project("{FAE04EC0-301F-11D3-BF4B-00C04F79EFBC}") = "ValueChangedEvent201606242221", "ValueChangedEvent201606242221\ValueChangedEvent201606242221.csproj", "{920CC12E-1ECC-4591-8CFE-7E88DF872551}"
EndProject
Global
	GlobalSection(SolutionConfigurationPlatforms) = preSolution
		Debug|x86 = Debug|x86
		Release|x86 = Release|x86
	EndGlobalSection
	GlobalSection(ProjectConfigurationPlatforms) = postSolution
		{920CC12E-1ECC-4591-8CFE-7E88DF872551}.Debug|x86.ActiveCfg = Debug|x86
		{920CC12E-1ECC-4591-8CFE-7E88DF872551}.Debug|x86.Build.0 = Debug|x86
		{920CC12E-1ECC-4591-8CFE-7E88DF872551}.Release|x86.ActiveCfg = Release|x86
		{920CC12E-1ECC-4591-8CFE-7E88DF872551}.Release|x86.Build.0 = Release|x86
	EndGlobalSection
	GlobalSection(SolutionProperties) = preSolution
		HideSolutionNode = FALSE
	EndGlobalSection
EndGlobal
